
Microsoft Visual Studio Solution File, Format Version 12.00
# Visual Studio Version 16
VisualStudioVersion = 16.0.29009.5
MinimumVisualStudioVersion = 10.0.40219.1
Project("{9A19103F-16F7-4668-BE54-9A1E7A4F7556}") = "microwiki", "microwiki\microwiki.csproj", "{39DE3A5D-1CFF-4CF4-A293-BB8C4E1CC313}"
EndProject
Project("{2150E333-8FDC-42A3-9474-1A3956D46DE8}") = "Solution Items", "Solution Items", "{9B1303A8-AB34-49F5-8AC6-DE7B51AD283F}"
	ProjectSection(SolutionItems) = preProject
		.editorconfig = .editorconfig
		.gitignore = .gitignore
		microwiki.ruleset = microwiki.ruleset
	EndProjectSection
EndProject
Project("{00D1A9C2-B5F0-4AF3-8072-F6C62B433612}") = "db", "db\db.sqlproj", "{5244F12D-436B-4DF5-A129-3ECD95C6832F}"
EndProject
Global
	GlobalSection(SolutionConfigurationPlatforms) = preSolution
		Debug|Any CPU = Debug|Any CPU
		Release|Any CPU = Release|Any CPU
	EndGlobalSection
	GlobalSection(ProjectConfigurationPlatforms) = postSolution
		{39DE3A5D-1CFF-4CF4-A293-BB8C4E1CC313}.Debug|Any CPU.ActiveCfg = Debug|Any CPU
		{39DE3A5D-1CFF-4CF4-A293-BB8C4E1CC313}.Debug|Any CPU.Build.0 = Debug|Any CPU
		{39DE3A5D-1CFF-4CF4-A293-BB8C4E1CC313}.Release|Any CPU.ActiveCfg = Release|Any CPU
		{39DE3A5D-1CFF-4CF4-A293-BB8C4E1CC313}.Release|Any CPU.Build.0 = Release|Any CPU
		{5244F12D-436B-4DF5-A129-3ECD95C6832F}.Debug|Any CPU.ActiveCfg = Debug|Any CPU
		{5244F12D-436B-4DF5-A129-3ECD95C6832F}.Debug|Any CPU.Build.0 = Debug|Any CPU
		{5244F12D-436B-4DF5-A129-3ECD95C6832F}.Debug|Any CPU.Deploy.0 = Debug|Any CPU
		{5244F12D-436B-4DF5-A129-3ECD95C6832F}.Release|Any CPU.ActiveCfg = Release|Any CPU
		{5244F12D-436B-4DF5-A129-3ECD95C6832F}.Release|Any CPU.Build.0 = Release|Any CPU
		{5244F12D-436B-4DF5-A129-3ECD95C6832F}.Release|Any CPU.Deploy.0 = Release|Any CPU
	EndGlobalSection
	GlobalSection(SolutionProperties) = preSolution
		HideSolutionNode = FALSE
	EndGlobalSection
	GlobalSection(ExtensibilityGlobals) = postSolution
		SolutionGuid = {EBA8FCAC-42D4-41B3-AAA8-08614743A8B5}
	EndGlobalSection
EndGlobal
